{
  "name": "@s5ming/css3",
  "version": "1.0.0",
  "lockfileVersion": 1,
  "requires": true,
  "dependencies": {
    "@s5ming/array": {
      "version": "1.0.0",
      "resolved": "https://registry.npmjs.org/@s5ming/array/-/array-1.0.0.tgz",
      "integrity": "sha512-C6OffFB6W7c+cNhz6wrqBt7mL6Noqekye21M9eoK8peCdvc1BfosL1EfqpZY/IXOmv0/PyfI6RwgVI4AcZPzoQ=="
    }
  }
}
