{
  "name": "@s5ming/timer",
  "version": "1.0.0",
  "lockfileVersion": 1,
  "requires": true,
  "dependencies": {
    "@s5ming/json": {
      "version": "1.0.1",
      "resolved": "https://registry.npmjs.org/@s5ming/json/-/json-1.0.1.tgz",
      "integrity": "sha512-l92lVbYitVjNB2AHTFohJvHDsJ+UON3avivggHhAMjzLQhdQzy0PqSvnbRDFqxlqe0/E3I6f2r3Im4VFonzD9w=="
    }
  }
}
