{
  "name": "@s5ming/baidumap",
  "version": "1.0.27",
  "lockfileVersion": 1,
  "requires": true,
  "dependencies": {
    "@s5ming/array": {
      "version": "1.0.3",
      "resolved": "https://registry.npmjs.org/@s5ming/array/-/array-1.0.3.tgz",
      "integrity": "sha512-Tvlyto4gAr/BvAB1O4TOJ/fTxRBpZhRxSV6M1vi2HpcpOQDtnaHKAUStPSjsc5GicDyNa2YPL1BtlPTfn+uWlQ=="
    },
    "@s5ming/json": {
      "version": "1.0.2",
      "resolved": "https://registry.npmjs.org/@s5ming/json/-/json-1.0.2.tgz",
      "integrity": "sha512-jKY+YZrZyiY54pJSgY5nyr5DzO44rTUa13SwCGPbm5xsHDzXEgK44J+VjWAa3y8Sf61Bi+pTz8XQ7MH1JRD/qg=="
    },
    "jquery": {
      "version": "3.4.1",
      "resolved": "https://registry.npmjs.org/jquery/-/jquery-3.4.1.tgz",
      "integrity": "sha512-36+AdBzCL+y6qjw5Tx7HgzeGCzC81MDDgaUP8ld2zhx58HdqXGoBd+tHdrBMiyjGQs0Hxs/MLZTu/eHNJJuWPw=="
    }
  }
}
