{
  "name": "s-vue-scrollcon",
  "version": "1.0.2",
  "lockfileVersion": 1,
  "requires": true,
  "dependencies": {
    "@s5ming/array": {
      "version": "1.0.0",
      "resolved": "https://registry.npmjs.org/@s5ming/array/-/array-1.0.0.tgz",
      "integrity": "sha512-C6OffFB6W7c+cNhz6wrqBt7mL6Noqekye21M9eoK8peCdvc1BfosL1EfqpZY/IXOmv0/PyfI6RwgVI4AcZPzoQ=="
    },
    "@s5ming/events": {
      "version": "1.0.0",
      "resolved": "https://registry.npmjs.org/@s5ming/events/-/events-1.0.0.tgz",
      "integrity": "sha512-dqP3JRUuabldAYDG/8yPxtTOa1q6GRvvNntd9XzXzuXFhywpkYUhFoJxh1FJ0qmUn4OXk8nftmxnfF+RvGtP9A=="
    },
    "s-getstyle": {
      "version": "1.0.1",
      "resolved": "https://registry.npmjs.org/s-getstyle/-/s-getstyle-1.0.1.tgz",
      "integrity": "sha512-6scNHhGlotW8d2wBnbuKDVy/cqUHGQavkUNi1QCVpBb46VaH+cNOuVieIwEJzeoqKUSB7i+MTON+OqS36EXa0g=="
    },
    "s-vue-scrollbar": {
      "version": "1.0.0",
      "resolved": "https://registry.npmjs.org/s-vue-scrollbar/-/s-vue-scrollbar-1.0.0.tgz",
      "integrity": "sha512-Bw6Kw9b/foAwSJePRObQs0/Zuhkgm9DiMRM9in/RZyCAMwl3ZKBD8CSg3LNk9IEdE8cqkZvME3mNQN7oxp1REw==",
      "requires": {
        "@s5ming/events": "^1.0.0",
        "s-getstyle": "^1.0.1"
      }
    }
  }
}
