{
  "name": "@s5ming/baiduocr",
  "version": "1.0.0",
  "lockfileVersion": 1,
  "requires": true,
  "dependencies": {
    "@s5ming/json": {
      "version": "1.0.2",
      "resolved": "https://registry.npmjs.org/@s5ming/json/-/json-1.0.2.tgz",
      "integrity": "sha512-jKY+YZrZyiY54pJSgY5nyr5DzO44rTUa13SwCGPbm5xsHDzXEgK44J+VjWAa3y8Sf61Bi+pTz8XQ7MH1JRD/qg=="
    }
  }
}
