{
  "name": "oracledemo",
  "version": "1.0.0",
  "lockfileVersion": 1,
  "requires": true,
  "dependencies": {
    "oracledb": {
      "version": "3.0.1",
      "resolved": "http://registry.npm.taobao.org/oracledb/download/oracledb-3.0.1.tgz",
      "integrity": "sha1-qaJIzuHvCe/09lvMHtE1kSqAxKI="
    }
  }
}
